<?xml version="1.0" encoding="utf-8"?>
<Project ToolsVersion="4.0" xmlns="http://schemas.microsoft.com/developer/msbuild/2003">
  <ItemGroup>
    <Filter Include="DllSpecific">
      <UniqueIdentifier>{4d1d7055-f2d7-4484-886a-f4681ffa862d}</UniqueIdentifier>
    </Filter>
    <Filter Include="extension">
      <UniqueIdentifier>{49034587-c94d-495d-b9bd-5488e88f53a5}</UniqueIdentifier>
    </Filter>
    <Filter Include="helper">
      <UniqueIdentifier>{8cc0fa4f-e622-4a22-9373-b753ea3bf4fa}</UniqueIdentifier>
    </Filter>
    <Filter Include="core">
      <UniqueIdentifier>{1f887b3b-9ce4-43ba-a6ec-8932ba660ce0}</UniqueIdentifier>
    </Filter>
    <Filter Include="output">
      <UniqueIdentifier>{361abcf5-73bf-45b6-aeb1-6171684c2bec}</UniqueIdentifier>
    </Filter>
    <Filter Include="portability">
      <UniqueIdentifier>{eac5f8bf-2c54-46ce-8d53-35d51b6bc039}</UniqueIdentifier>
    </Filter>
    <Filter Include="textui">
      <UniqueIdentifier>{069dda3b-8d48-4ffb-b15b-fa0408cc0f75}</UniqueIdentifier>
    </Filter>
    <Filter Include="listener">
      <UniqueIdentifier>{067091f0-5aa2-4c6e-ad7a-167b2912239b}</UniqueIdentifier>
    </Filter>
    <Filter Include="documentation">
      <UniqueIdentifier>{f8392fb7-9866-4f5d-a2a0-aac57be20b0b}</UniqueIdentifier>
    </Filter>
    <Filter Include="plugin">
      <UniqueIdentifier>{ffce22bd-3559-4449-86ca-6765eed6ea39}</UniqueIdentifier>
    </Filter>
    <Filter Include="tools">
      <UniqueIdentifier>{6331a761-2209-460c-9644-1c2c631c66f0}</UniqueIdentifier>
    </Filter>
    <Filter Include="protector">
      <UniqueIdentifier>{0659e4aa-c6b4-42fa-a085-4b86b8d719d9}</UniqueIdentifier>
    </Filter>
  </ItemGroup>
  <ItemGroup>
    <ClCompile Include="DllMain.cpp">
      <Filter>DllSpecific</Filter>
    </ClCompile>
    <ClCompile Include="RepeatedTest.cpp">
      <Filter>extension</Filter>
    </ClCompile>
    <ClCompile Include="TestCaseDecorator.cpp">
      <Filter>extension</Filter>
    </ClCompile>
    <ClCompile Include="TestDecorator.cpp">
      <Filter>extension</Filter>
    </ClCompile>
    <ClCompile Include="TestSetUp.cpp">
      <Filter>extension</Filter>
    </ClCompile>
    <ClCompile Include="TestFactoryRegistry.cpp">
      <Filter>helper</Filter>
    </ClCompile>
    <ClCompile Include="TestNamer.cpp">
      <Filter>helper</Filter>
    </ClCompile>
    <ClCompile Include="TestSuiteBuilderContext.cpp">
      <Filter>helper</Filter>
    </ClCompile>
    <ClCompile Include="TypeInfoHelper.cpp">
      <Filter>helper</Filter>
    </ClCompile>
    <ClCompile Include="AdditionalMessage.cpp">
      <Filter>core</Filter>
    </ClCompile>
    <ClCompile Include="Asserter.cpp">
      <Filter>core</Filter>
    </ClCompile>
    <ClCompile Include="Exception.cpp">
      <Filter>core</Filter>
    </ClCompile>
    <ClCompile Include="Message.cpp">
      <Filter>core</Filter>
    </ClCompile>
    <ClCompile Include="SourceLine.cpp">
      <Filter>core</Filter>
    </ClCompile>
    <ClCompile Include="SynchronizedObject.cpp">
      <Filter>core</Filter>
    </ClCompile>
    <ClCompile Include="Test.cpp">
      <Filter>core</Filter>
    </ClCompile>
    <ClCompile Include="TestAssert.cpp">
      <Filter>core</Filter>
    </ClCompile>
    <ClCompile Include="TestCase.cpp">
      <Filter>core</Filter>
    </ClCompile>
    <ClCompile Include="TestComposite.cpp">
      <Filter>core</Filter>
    </ClCompile>
    <ClCompile Include="TestFailure.cpp">
      <Filter>core</Filter>
    </ClCompile>
    <ClCompile Include="TestLeaf.cpp">
      <Filter>core</Filter>
    </ClCompile>
    <ClCompile Include="TestPath.cpp">
      <Filter>core</Filter>
    </ClCompile>
    <ClCompile Include="TestResult.cpp">
      <Filter>core</Filter>
    </ClCompile>
    <ClCompile Include="TestRunner.cpp">
      <Filter>core</Filter>
    </ClCompile>
    <ClCompile Include="TestSuite.cpp">
      <Filter>core</Filter>
    </ClCompile>
    <ClCompile Include="CompilerOutputter.cpp">
      <Filter>output</Filter>
    </ClCompile>
    <ClCompile Include="TestResultCollector.cpp">
      <Filter>output</Filter>
    </ClCompile>
    <ClCompile Include="TextOutputter.cpp">
      <Filter>output</Filter>
    </ClCompile>
    <ClCompile Include="XmlOutputter.cpp">
      <Filter>output</Filter>
    </ClCompile>
    <ClCompile Include="XmlOutputterHook.cpp">
      <Filter>output</Filter>
    </ClCompile>
    <ClCompile Include="TextTestRunner.cpp">
      <Filter>textui</Filter>
    </ClCompile>
    <ClCompile Include="BriefTestProgressListener.cpp">
      <Filter>listener</Filter>
    </ClCompile>
    <ClCompile Include="TestSuccessListener.cpp">
      <Filter>listener</Filter>
    </ClCompile>
    <ClCompile Include="TextTestProgressListener.cpp">
      <Filter>listener</Filter>
    </ClCompile>
    <ClCompile Include="TextTestResult.cpp">
      <Filter>listener</Filter>
    </ClCompile>
    <ClCompile Include="BeosDynamicLibraryManager.cpp">
      <Filter>plugin</Filter>
    </ClCompile>
    <ClCompile Include="DynamicLibraryManager.cpp">
      <Filter>plugin</Filter>
    </ClCompile>
    <ClCompile Include="DynamicLibraryManagerException.cpp">
      <Filter>plugin</Filter>
    </ClCompile>
    <ClCompile Include="PlugInManager.cpp">
      <Filter>plugin</Filter>
    </ClCompile>
    <ClCompile Include="PlugInParameters.cpp">
      <Filter>plugin</Filter>
    </ClCompile>
    <ClCompile Include="TestPlugInDefaultImpl.cpp">
      <Filter>plugin</Filter>
    </ClCompile>
    <ClCompile Include="UnixDynamicLibraryManager.cpp">
      <Filter>plugin</Filter>
    </ClCompile>
    <ClCompile Include="Win32DynamicLibraryManager.cpp">
      <Filter>plugin</Filter>
    </ClCompile>
    <ClCompile Include="StringTools.cpp">
      <Filter>tools</Filter>
    </ClCompile>
    <ClCompile Include="XmlDocument.cpp">
      <Filter>tools</Filter>
    </ClCompile>
    <ClCompile Include="XmlElement.cpp">
      <Filter>tools</Filter>
    </ClCompile>
    <ClCompile Include="DefaultProtector.cpp">
      <Filter>protector</Filter>
    </ClCompile>
    <ClCompile Include="Protector.cpp">
      <Filter>protector</Filter>
    </ClCompile>
    <ClCompile Include="ProtectorChain.cpp">
      <Filter>protector</Filter>
    </ClCompile>
  </ItemGroup>
  <ItemGroup>
    <ClInclude Include="..\..\include\cppunit\extensions\ExceptionTestCaseDecorator.h">
      <Filter>extension</Filter>
    </ClInclude>
    <ClInclude Include="..\..\include\cppunit\extensions\Orthodox.h">
      <Filter>extension</Filter>
    </ClInclude>
    <ClInclude Include="..\..\include\cppunit\extensions\RepeatedTest.h">
      <Filter>extension</Filter>
    </ClInclude>
    <ClInclude Include="..\..\include\cppunit\extensions\TestCaseDecorator.h">
      <Filter>extension</Filter>
    </ClInclude>
    <ClInclude Include="..\..\include\cppunit\extensions\TestDecorator.h">
      <Filter>extension</Filter>
    </ClInclude>
    <ClInclude Include="..\..\include\cppunit\extensions\TestSetUp.h">
      <Filter>extension</Filter>
    </ClInclude>
    <ClInclude Include="..\..\include\cppunit\extensions\AutoRegisterSuite.h">
      <Filter>helper</Filter>
    </ClInclude>
    <ClInclude Include="..\..\include\cppunit\extensions\HelperMacros.h">
      <Filter>helper</Filter>
    </ClInclude>
    <ClInclude Include="..\..\include\cppunit\TestCaller.h">
      <Filter>helper</Filter>
    </ClInclude>
    <ClInclude Include="..\..\include\cppunit\extensions\TestFactory.h">
      <Filter>helper</Filter>
    </ClInclude>
    <ClInclude Include="..\..\include\cppunit\extensions\TestFactoryRegistry.h">
      <Filter>helper</Filter>
    </ClInclude>
    <ClInclude Include="..\..\include\cppunit\extensions\TestFixtureFactory.h">
      <Filter>helper</Filter>
    </ClInclude>
    <ClInclude Include="..\..\include\cppunit\extensions\TestNamer.h">
      <Filter>helper</Filter>
    </ClInclude>
    <ClInclude Include="..\..\include\cppunit\extensions\TestSuiteBuilder.h">
      <Filter>helper</Filter>
    </ClInclude>
    <ClInclude Include="..\..\include\cppunit\extensions\TestSuiteBuilderContext.h">
      <Filter>helper</Filter>
    </ClInclude>
    <ClInclude Include="..\..\include\cppunit\extensions\TestSuiteFactory.h">
      <Filter>helper</Filter>
    </ClInclude>
    <ClInclude Include="..\..\include\cppunit\extensions\TypeInfoHelper.h">
      <Filter>helper</Filter>
    </ClInclude>
    <ClInclude Include="..\..\include\cppunit\AdditionalMessage.h">
      <Filter>core</Filter>
    </ClInclude>
    <ClInclude Include="..\..\include\cppunit\Asserter.h">
      <Filter>core</Filter>
    </ClInclude>
    <ClInclude Include="..\..\include\cppunit\Exception.h">
      <Filter>core</Filter>
    </ClInclude>
    <ClInclude Include="..\..\include\cppunit\Message.h">
      <Filter>core</Filter>
    </ClInclude>
    <ClInclude Include="..\..\include\cppunit\SourceLine.h">
      <Filter>core</Filter>
    </ClInclude>
    <ClInclude Include="..\..\include\cppunit\SynchronizedObject.h">
      <Filter>core</Filter>
    </ClInclude>
    <ClInclude Include="..\..\include\cppunit\Test.h">
      <Filter>core</Filter>
    </ClInclude>
    <ClInclude Include="..\..\include\cppunit\TestAssert.h">
      <Filter>core</Filter>
    </ClInclude>
    <ClInclude Include="..\..\include\cppunit\TestCase.h">
      <Filter>core</Filter>
    </ClInclude>
    <ClInclude Include="..\..\include\cppunit\TestComposite.h">
      <Filter>core</Filter>
    </ClInclude>
    <ClInclude Include="..\..\include\cppunit\TestFailure.h">
      <Filter>core</Filter>
    </ClInclude>
    <ClInclude Include="..\..\include\cppunit\TestFixture.h">
      <Filter>core</Filter>
    </ClInclude>
    <ClInclude Include="..\..\include\cppunit\TestLeaf.h">
      <Filter>core</Filter>
    </ClInclude>
    <ClInclude Include="..\..\include\cppunit\TestListener.h">
      <Filter>core</Filter>
    </ClInclude>
    <ClInclude Include="..\..\include\cppunit\TestPath.h">
      <Filter>core</Filter>
    </ClInclude>
    <ClInclude Include="..\..\include\cppunit\TestResult.h">
      <Filter>core</Filter>
    </ClInclude>
    <ClInclude Include="..\..\include\cppunit\TestRunner.h">
      <Filter>core</Filter>
    </ClInclude>
    <ClInclude Include="..\..\include\cppunit\TestSuite.h">
      <Filter>core</Filter>
    </ClInclude>
    <ClInclude Include="..\..\include\cppunit\CompilerOutputter.h">
      <Filter>output</Filter>
    </ClInclude>
    <ClInclude Include="..\..\include\cppunit\Outputter.h">
      <Filter>output</Filter>
    </ClInclude>
    <ClInclude Include="..\..\include\cppunit\TestResultCollector.h">
      <Filter>output</Filter>
    </ClInclude>
    <ClInclude Include="..\..\include\cppunit\TextOutputter.h">
      <Filter>output</Filter>
    </ClInclude>
    <ClInclude Include="..\..\include\cppunit\XmlOutputter.h">
      <Filter>output</Filter>
    </ClInclude>
    <ClInclude Include="..\..\include\cppunit\XmlOutputterHook.h">
      <Filter>output</Filter>
    </ClInclude>
    <ClInclude Include="..\..\include\cppunit\config\config-bcb5.h">
      <Filter>portability</Filter>
    </ClInclude>
    <ClInclude Include="..\..\include\cppunit\config\config-mac.h">
      <Filter>portability</Filter>
    </ClInclude>
    <ClInclude Include="..\..\include\cppunit\config\config-msvc6.h">
      <Filter>portability</Filter>
    </ClInclude>
    <ClInclude Include="..\..\include\cppunit\config\CppUnitApi.h">
      <Filter>portability</Filter>
    </ClInclude>
    <ClInclude Include="..\..\include\cppunit\portability\CppUnitDeque.h">
      <Filter>portability</Filter>
    </ClInclude>
    <ClInclude Include="..\..\include\cppunit\portability\CppUnitMap.h">
      <Filter>portability</Filter>
    </ClInclude>
    <ClInclude Include="..\..\include\cppunit\portability\CppUnitSet.h">
      <Filter>portability</Filter>
    </ClInclude>
    <ClInclude Include="..\..\include\cppunit\portability\CppUnitStack.h">
      <Filter>portability</Filter>
    </ClInclude>
    <ClInclude Include="..\..\include\cppunit\portability\CppUnitVector.h">
      <Filter>portability</Filter>
    </ClInclude>
    <ClInclude Include="..\..\include\cppunit\Portability.h">
      <Filter>portability</Filter>
    </ClInclude>
    <ClInclude Include="..\..\include\cppunit\config\SelectDllLoader.h">
      <Filter>portability</Filter>
    </ClInclude>
    <ClInclude Include="..\..\include\cppunit\config\SourcePrefix.h">
      <Filter>portability</Filter>
    </ClInclude>
    <ClInclude Include="..\..\include\cppunit\ui\text\TestRunner.h">
      <Filter>textui</Filter>
    </ClInclude>
    <ClInclude Include="..\..\include\cppunit\ui\text\TextTestRunner.h">
      <Filter>textui</Filter>
    </ClInclude>
    <ClInclude Include="..\..\include\cppunit\TextTestRunner.h">
      <Filter>textui</Filter>
    </ClInclude>
    <ClInclude Include="..\..\include\cppunit\BriefTestProgressListener.h">
      <Filter>listener</Filter>
    </ClInclude>
    <ClInclude Include="..\..\include\cppunit\TextTestProgressListener.h">
      <Filter>listener</Filter>
    </ClInclude>
    <ClInclude Include="..\..\include\cppunit\TextTestResult.h">
      <Filter>listener</Filter>
    </ClInclude>
    <ClInclude Include="..\..\include\cppunit\plugin\DynamicLibraryManager.h">
      <Filter>plugin</Filter>
    </ClInclude>
    <ClInclude Include="..\..\include\cppunit\plugin\DynamicLibraryManagerException.h">
      <Filter>plugin</Filter>
    </ClInclude>
    <ClInclude Include="..\..\include\cppunit\plugin\PlugInManager.h">
      <Filter>plugin</Filter>
    </ClInclude>
    <ClInclude Include="..\..\include\cppunit\plugin\PlugInParameters.h">
      <Filter>plugin</Filter>
    </ClInclude>
    <ClInclude Include="..\..\include\cppunit\plugin\TestPlugIn.h">
      <Filter>plugin</Filter>
    </ClInclude>
    <ClInclude Include="..\..\include\cppunit\plugin\TestPlugInDefaultImpl.h">
      <Filter>plugin</Filter>
    </ClInclude>
    <ClInclude Include="..\..\include\cppunit\tools\StringTools.h">
      <Filter>tools</Filter>
    </ClInclude>
    <ClInclude Include="..\..\include\cppunit\tools\XmlDocument.h">
      <Filter>tools</Filter>
    </ClInclude>
    <ClInclude Include="..\..\include\cppunit\tools\XmlElement.h">
      <Filter>tools</Filter>
    </ClInclude>
    <ClInclude Include="DefaultProtector.h">
      <Filter>protector</Filter>
    </ClInclude>
    <ClInclude Include="..\..\include\cppunit\Protector.h">
      <Filter>protector</Filter>
    </ClInclude>
    <ClInclude Include="ProtectorChain.h">
      <Filter>protector</Filter>
    </ClInclude>
    <ClInclude Include="ProtectorContext.h">
      <Filter>protector</Filter>
    </ClInclude>
    <ClInclude Include="..\..\include\cppunit\extensions\XmlInputHelper.h" />
  </ItemGroup>
  <ItemGroup>
    <None Include="..\..\ChangeLog">
      <Filter>documentation</Filter>
    </None>
    <None Include="..\..\doc\cookbook.dox">
      <Filter>documentation</Filter>
    </None>
    <None Include="..\..\doc\FAQ">
      <Filter>documentation</Filter>
    </None>
    <None Include="..\..\NEWS">
      <Filter>documentation</Filter>
    </None>
    <None Include="..\..\doc\other_documentation.dox">
      <Filter>documentation</Filter>
    </None>
    <None Include="..\..\TODO">
      <Filter>documentation</Filter>
    </None>
    <None Include="Makefile.am" />
    <None Include="..\..\include\cppunit\Makefile.am" />
  </ItemGroup>
  <ItemGroup>
    <Text Include="..\..\INSTALL-WIN32.txt" />
  </ItemGroup>
</Project>